
Microsoft Visual Studio Solution File, Format Version 12.00
# Visual Studio Version 16
VisualStudioVersion = 16.0.32126.315
MinimumVisualStudioVersion = 10.0.40219.1
Project("{8BC9CEB8-8B4A-11D0-8D11-00A0C91BC942}") = "2022_4_17_1", "2022_4_17_1\2022_4_17_1.vcxproj", "{F45E91F6-98C7-4AA3-8CFA-CE936E1B9208}"
EndProject
Global
	GlobalSection(SolutionConfigurationPlatforms) = preSolution
		Debug|x64 = Debug|x64
		Debug|x86 = Debug|x86
		Release|x64 = Release|x64
		Release|x86 = Release|x86
	EndGlobalSection
	GlobalSection(ProjectConfigurationPlatforms) = postSolution
		{F45E91F6-98C7-4AA3-8CFA-CE936E1B9208}.Debug|x64.ActiveCfg = Debug|x64
		{F45E91F6-98C7-4AA3-8CFA-CE936E1B9208}.Debug|x64.Build.0 = Debug|x64
		{F45E91F6-98C7-4AA3-8CFA-CE936E1B9208}.Debug|x86.ActiveCfg = Debug|Win32
		{F45E91F6-98C7-4AA3-8CFA-CE936E1B9208}.Debug|x86.Build.0 = Debug|Win32
		{F45E91F6-98C7-4AA3-8CFA-CE936E1B9208}.Release|x64.ActiveCfg = Release|x64
		{F45E91F6-98C7-4AA3-8CFA-CE936E1B9208}.Release|x64.Build.0 = Release|x64
		{F45E91F6-98C7-4AA3-8CFA-CE936E1B9208}.Release|x86.ActiveCfg = Release|Win32
		{F45E91F6-98C7-4AA3-8CFA-CE936E1B9208}.Release|x86.Build.0 = Release|Win32
	EndGlobalSection
	GlobalSection(SolutionProperties) = preSolution
		HideSolutionNode = FALSE
	EndGlobalSection
	GlobalSection(ExtensibilityGlobals) = postSolution
		SolutionGuid = {2BEA9A80-88F6-41B0-A954-34F6CAE1D110}
	EndGlobalSection
EndGlobal
